
Microsoft Visual Studio Solution File, Format Version 12.00
# Visual Studio 15
VisualStudioVersion = 15.0.28307.489
MinimumVisualStudioVersion = 10.0.40219.1
Project("{FAE04EC0-301F-11D3-BF4B-00C04F79EFBC}") = "XamarinTestApp.Android", "XamarinTestApp\XamarinTestApp.Android\XamarinTestApp.Android.csproj", "{24CE3C36-16B9-426D-AA0C-5961ECF8D88C}"
EndProject
Project("{FAE04EC0-301F-11D3-BF4B-00C04F79EFBC}") = "XamarinTestApp.iOS", "XamarinTestApp\XamarinTestApp.iOS\XamarinTestApp.iOS.csproj", "{AA5E99A2-07EA-40BE-AD2F-53604001C24C}"
EndProject
Project("{FAE04EC0-301F-11D3-BF4B-00C04F79EFBC}") = "XamarinTestApp.MobileAppService", "XamarinTestApp\XamarinTestApp.MobileAppService\XamarinTestApp.MobileAppService.csproj", "{0B3DF173-B76D-44F3-85D2-3E001550330C}"
EndProject
Project("{FAE04EC0-301F-11D3-BF4B-00C04F79EFBC}") = "XamarinTestApp", "XamarinTestApp\XamarinTestApp\XamarinTestApp.csproj", "{DCC3BE3A-DB2B-4987-9D4E-901DE1AEC4C1}"
EndProject
Global
	GlobalSection(SolutionConfigurationPlatforms) = preSolution
		Debug|Any CPU = Debug|Any CPU
		Debug|iPhone = Debug|iPhone
		Debug|iPhoneSimulator = Debug|iPhoneSimulator
		Release|Any CPU = Release|Any CPU
		Release|iPhone = Release|iPhone
		Release|iPhoneSimulator = Release|iPhoneSimulator
	EndGlobalSection
	GlobalSection(ProjectConfigurationPlatforms) = postSolution
		{24CE3C36-16B9-426D-AA0C-5961ECF8D88C}.Debug|Any CPU.ActiveCfg = Debug|Any CPU
		{24CE3C36-16B9-426D-AA0C-5961ECF8D88C}.Debug|Any CPU.Build.0 = Debug|Any CPU
		{24CE3C36-16B9-426D-AA0C-5961ECF8D88C}.Debug|Any CPU.Deploy.0 = Debug|Any CPU
		{24CE3C36-16B9-426D-AA0C-5961ECF8D88C}.Debug|iPhone.ActiveCfg = Debug|Any CPU
		{24CE3C36-16B9-426D-AA0C-5961ECF8D88C}.Debug|iPhone.Build.0 = Debug|Any CPU
		{24CE3C36-16B9-426D-AA0C-5961ECF8D88C}.Debug|iPhone.Deploy.0 = Debug|Any CPU
		{24CE3C36-16B9-426D-AA0C-5961ECF8D88C}.Debug|iPhoneSimulator.ActiveCfg = Debug|Any CPU
		{24CE3C36-16B9-426D-AA0C-5961ECF8D88C}.Debug|iPhoneSimulator.Build.0 = Debug|Any CPU
		{24CE3C36-16B9-426D-AA0C-5961ECF8D88C}.Debug|iPhoneSimulator.Deploy.0 = Debug|Any CPU
		{24CE3C36-16B9-426D-AA0C-5961ECF8D88C}.Release|Any CPU.ActiveCfg = Release|Any CPU
		{24CE3C36-16B9-426D-AA0C-5961ECF8D88C}.Release|Any CPU.Build.0 = Release|Any CPU
		{24CE3C36-16B9-426D-AA0C-5961ECF8D88C}.Release|Any CPU.Deploy.0 = Release|Any CPU
		{24CE3C36-16B9-426D-AA0C-5961ECF8D88C}.Release|iPhone.ActiveCfg = Release|Any CPU
		{24CE3C36-16B9-426D-AA0C-5961ECF8D88C}.Release|iPhone.Build.0 = Release|Any CPU
		{24CE3C36-16B9-426D-AA0C-5961ECF8D88C}.Release|iPhone.Deploy.0 = Release|Any CPU
		{24CE3C36-16B9-426D-AA0C-5961ECF8D88C}.Release|iPhoneSimulator.ActiveCfg = Release|Any CPU
		{24CE3C36-16B9-426D-AA0C-5961ECF8D88C}.Release|iPhoneSimulator.Build.0 = Release|Any CPU
		{24CE3C36-16B9-426D-AA0C-5961ECF8D88C}.Release|iPhoneSimulator.Deploy.0 = Release|Any CPU
		{AA5E99A2-07EA-40BE-AD2F-53604001C24C}.Debug|Any CPU.ActiveCfg = Debug|iPhoneSimulator
		{AA5E99A2-07EA-40BE-AD2F-53604001C24C}.Debug|Any CPU.Build.0 = Debug|iPhoneSimulator
		{AA5E99A2-07EA-40BE-AD2F-53604001C24C}.Debug|Any CPU.Deploy.0 = Debug|iPhoneSimulator
		{AA5E99A2-07EA-40BE-AD2F-53604001C24C}.Debug|iPhone.ActiveCfg = Debug|iPhone
		{AA5E99A2-07EA-40BE-AD2F-53604001C24C}.Debug|iPhone.Build.0 = Debug|iPhone
		{AA5E99A2-07EA-40BE-AD2F-53604001C24C}.Debug|iPhone.Deploy.0 = Debug|iPhone
		{AA5E99A2-07EA-40BE-AD2F-53604001C24C}.Debug|iPhoneSimulator.ActiveCfg = Debug|iPhoneSimulator
		{AA5E99A2-07EA-40BE-AD2F-53604001C24C}.Debug|iPhoneSimulator.Build.0 = Debug|iPhoneSimulator
		{AA5E99A2-07EA-40BE-AD2F-53604001C24C}.Debug|iPhoneSimulator.Deploy.0 = Debug|iPhoneSimulator
		{AA5E99A2-07EA-40BE-AD2F-53604001C24C}.Release|Any CPU.ActiveCfg = Release|iPhone
		{AA5E99A2-07EA-40BE-AD2F-53604001C24C}.Release|Any CPU.Build.0 = Release|iPhone
		{AA5E99A2-07EA-40BE-AD2F-53604001C24C}.Release|Any CPU.Deploy.0 = Release|iPhone
		{AA5E99A2-07EA-40BE-AD2F-53604001C24C}.Release|iPhone.ActiveCfg = Release|iPhone
		{AA5E99A2-07EA-40BE-AD2F-53604001C24C}.Release|iPhone.Build.0 = Release|iPhone
		{AA5E99A2-07EA-40BE-AD2F-53604001C24C}.Release|iPhone.Deploy.0 = Release|iPhone
		{AA5E99A2-07EA-40BE-AD2F-53604001C24C}.Release|iPhoneSimulator.ActiveCfg = Release|iPhoneSimulator
		{AA5E99A2-07EA-40BE-AD2F-53604001C24C}.Release|iPhoneSimulator.Build.0 = Release|iPhoneSimulator
		{AA5E99A2-07EA-40BE-AD2F-53604001C24C}.Release|iPhoneSimulator.Deploy.0 = Release|iPhoneSimulator
		{0B3DF173-B76D-44F3-85D2-3E001550330C}.Debug|Any CPU.ActiveCfg = Debug|Any CPU
		{0B3DF173-B76D-44F3-85D2-3E001550330C}.Debug|Any CPU.Build.0 = Debug|Any CPU
		{0B3DF173-B76D-44F3-85D2-3E001550330C}.Debug|Any CPU.Deploy.0 = Debug|Any CPU
		{0B3DF173-B76D-44F3-85D2-3E001550330C}.Debug|iPhone.ActiveCfg = Debug|Any CPU
		{0B3DF173-B76D-44F3-85D2-3E001550330C}.Debug|iPhone.Build.0 = Debug|Any CPU
		{0B3DF173-B76D-44F3-85D2-3E001550330C}.Debug|iPhone.Deploy.0 = Debug|Any CPU
		{0B3DF173-B76D-44F3-85D2-3E001550330C}.Debug|iPhoneSimulator.ActiveCfg = Debug|Any CPU
		{0B3DF173-B76D-44F3-85D2-3E001550330C}.Debug|iPhoneSimulator.Build.0 = Debug|Any CPU
		{0B3DF173-B76D-44F3-85D2-3E001550330C}.Debug|iPhoneSimulator.Deploy.0 = Debug|Any CPU
		{0B3DF173-B76D-44F3-85D2-3E001550330C}.Release|Any CPU.ActiveCfg = Release|Any CPU
		{0B3DF173-B76D-44F3-85D2-3E001550330C}.Release|Any CPU.Build.0 = Release|Any CPU
		{0B3DF173-B76D-44F3-85D2-3E001550330C}.Release|Any CPU.Deploy.0 = Release|Any CPU
		{0B3DF173-B76D-44F3-85D2-3E001550330C}.Release|iPhone.ActiveCfg = Release|Any CPU
		{0B3DF173-B76D-44F3-85D2-3E001550330C}.Release|iPhone.Build.0 = Release|Any CPU
		{0B3DF173-B76D-44F3-85D2-3E001550330C}.Release|iPhone.Deploy.0 = Release|Any CPU
		{0B3DF173-B76D-44F3-85D2-3E001550330C}.Release|iPhoneSimulator.ActiveCfg = Release|Any CPU
		{0B3DF173-B76D-44F3-85D2-3E001550330C}.Release|iPhoneSimulator.Build.0 = Release|Any CPU
		{0B3DF173-B76D-44F3-85D2-3E001550330C}.Release|iPhoneSimulator.Deploy.0 = Release|Any CPU
		{DCC3BE3A-DB2B-4987-9D4E-901DE1AEC4C1}.Debug|Any CPU.ActiveCfg = Debug|Any CPU
		{DCC3BE3A-DB2B-4987-9D4E-901DE1AEC4C1}.Debug|Any CPU.Build.0 = Debug|Any CPU
		{DCC3BE3A-DB2B-4987-9D4E-901DE1AEC4C1}.Debug|Any CPU.Deploy.0 = Debug|Any CPU
		{DCC3BE3A-DB2B-4987-9D4E-901DE1AEC4C1}.Debug|iPhone.ActiveCfg = Debug|Any CPU
		{DCC3BE3A-DB2B-4987-9D4E-901DE1AEC4C1}.Debug|iPhone.Build.0 = Debug|Any CPU
		{DCC3BE3A-DB2B-4987-9D4E-901DE1AEC4C1}.Debug|iPhone.Deploy.0 = Debug|Any CPU
		{DCC3BE3A-DB2B-4987-9D4E-901DE1AEC4C1}.Debug|iPhoneSimulator.ActiveCfg = Debug|Any CPU
		{DCC3BE3A-DB2B-4987-9D4E-901DE1AEC4C1}.Debug|iPhoneSimulator.Build.0 = Debug|Any CPU
		{DCC3BE3A-DB2B-4987-9D4E-901DE1AEC4C1}.Debug|iPhoneSimulator.Deploy.0 = Debug|Any CPU
		{DCC3BE3A-DB2B-4987-9D4E-901DE1AEC4C1}.Release|Any CPU.ActiveCfg = Release|Any CPU
		{DCC3BE3A-DB2B-4987-9D4E-901DE1AEC4C1}.Release|Any CPU.Build.0 = Release|Any CPU
		{DCC3BE3A-DB2B-4987-9D4E-901DE1AEC4C1}.Release|Any CPU.Deploy.0 = Release|Any CPU
		{DCC3BE3A-DB2B-4987-9D4E-901DE1AEC4C1}.Release|iPhone.ActiveCfg = Release|Any CPU
		{DCC3BE3A-DB2B-4987-9D4E-901DE1AEC4C1}.Release|iPhone.Build.0 = Release|Any CPU
		{DCC3BE3A-DB2B-4987-9D4E-901DE1AEC4C1}.Release|iPhone.Deploy.0 = Release|Any CPU
		{DCC3BE3A-DB2B-4987-9D4E-901DE1AEC4C1}.Release|iPhoneSimulator.ActiveCfg = Release|Any CPU
		{DCC3BE3A-DB2B-4987-9D4E-901DE1AEC4C1}.Release|iPhoneSimulator.Build.0 = Release|Any CPU
		{DCC3BE3A-DB2B-4987-9D4E-901DE1AEC4C1}.Release|iPhoneSimulator.Deploy.0 = Release|Any CPU
	EndGlobalSection
	GlobalSection(SolutionProperties) = preSolution
		HideSolutionNode = FALSE
	EndGlobalSection
	GlobalSection(ExtensibilityGlobals) = postSolution
		SolutionGuid = {C8A7005B-5AC9-45C7-81BB-1AA0C34E611E}
	EndGlobalSection
EndGlobal
